<?xml version="1.0" encoding="utf-8"?>
<Project ToolsVersion="4.0" xmlns="http://schemas.microsoft.com/developer/msbuild/2003">
  <ItemGroup>
    <Filter Include="Private">
      <UniqueIdentifier>{001F8D23-6CFE-0BBF-7516-9795E1747220}</UniqueIdentifier>
    </Filter>
    <Filter Include="Private\Layer">
      <UniqueIdentifier>{CC5BE199-381C-5DD0-0157-A64D6DD6A1AC}</UniqueIdentifier>
    </Filter>
    <Filter Include="Private\Platform">
      <UniqueIdentifier>{543B6E55-4034-8DA7-6966-722C55BE6CB3}</UniqueIdentifier>
    </Filter>
    <Filter Include="Private\Platform\OpenGL">
      <UniqueIdentifier>{085EB4C1-7495-FC58-7D9F-607CE9552352}</UniqueIdentifier>
    </Filter>
    <Filter Include="Private\Platform\Windows">
      <UniqueIdentifier>{8EF95B50-7A1E-ABD0-A369-90608FEDA9EE}</UniqueIdentifier>
    </Filter>
    <Filter Include="Public">
      <UniqueIdentifier>{8480F8CA-7022-23A1-59DD-36F5451EAAF1}</UniqueIdentifier>
    </Filter>
    <Filter Include="Public\Events">
      <UniqueIdentifier>{E8EFCF4B-54B0-4B82-1DEB-94FF896A905E}</UniqueIdentifier>
    </Filter>
    <Filter Include="Public\Layer">
      <UniqueIdentifier>{50D09867-3C33-280C-E5B8-60C2D1FAF38E}</UniqueIdentifier>
    </Filter>
    <Filter Include="Public\Platform">
      <UniqueIdentifier>{5891A99B-C41C-1760-CD2D-9A5439387360}</UniqueIdentifier>
    </Filter>
    <Filter Include="Public\Platform\OpenGL">
      <UniqueIdentifier>{8C471A26-7841-4378-61AE-D9884D47A9E4}</UniqueIdentifier>
    </Filter>
    <Filter Include="Public\Platform\Windows">
      <UniqueIdentifier>{92137F41-FE4A-C7D8-0755-2BFC730BEED1}</UniqueIdentifier>
    </Filter>
  </ItemGroup>
  <ItemGroup>
    <ClInclude Include="src\JEngine.h" />
    <ClInclude Include="src\Public\Application.h">
      <Filter>Public</Filter>
    </ClInclude>
    <ClInclude Include="src\Public\Core.h">
      <Filter>Public</Filter>
    </ClInclude>
    <ClInclude Include="src\Public\EntryPoint.h">
      <Filter>Public</Filter>
    </ClInclude>
    <ClInclude Include="src\Public\Events\ApplicationEvent.h">
      <Filter>Public\Events</Filter>
    </ClInclude>
    <ClInclude Include="src\Public\Events\Event.h">
      <Filter>Public\Events</Filter>
    </ClInclude>
    <ClInclude Include="src\Public\Events\KeyEvent.h">
      <Filter>Public\Events</Filter>
    </ClInclude>
    <ClInclude Include="src\Public\Events\MouseEvent.h">
      <Filter>Public\Events</Filter>
    </ClInclude>
    <ClInclude Include="src\Public\JE_PCH.h">
      <Filter>Public</Filter>
    </ClInclude>
    <ClInclude Include="src\Public\Layer\ImguiLayer.h">
      <Filter>Public\Layer</Filter>
    </ClInclude>
    <ClInclude Include="src\Public\Layer\Layer.h">
      <Filter>Public\Layer</Filter>
    </ClInclude>
    <ClInclude Include="src\Public\Layer\LayerStack.h">
      <Filter>Public\Layer</Filter>
    </ClInclude>
    <ClInclude Include="src\Public\Log.h">
      <Filter>Public</Filter>
    </ClInclude>
    <ClInclude Include="src\Public\Platform\OpenGL\ImguiOpenGL.h">
      <Filter>Public\Platform\OpenGL</Filter>
    </ClInclude>
    <ClInclude Include="src\Public\Platform\Windows\WindowsWindow.h">
      <Filter>Public\Platform\Windows</Filter>
    </ClInclude>
    <ClInclude Include="src\Public\Window.h">
      <Filter>Public</Filter>
    </ClInclude>
  </ItemGroup>
  <ItemGroup>
    <ClCompile Include="src\Private\Application.cpp">
      <Filter>Private</Filter>
    </ClCompile>
    <ClCompile Include="src\Private\JE_PCH.cpp">
      <Filter>Private</Filter>
    </ClCompile>
    <ClCompile Include="src\Private\Layer\ImguiLayer.cpp">
      <Filter>Private\Layer</Filter>
    </ClCompile>
    <ClCompile Include="src\Private\Layer\Layer.cpp">
      <Filter>Private\Layer</Filter>
    </ClCompile>
    <ClCompile Include="src\Private\Layer\LayerStack.cpp">
      <Filter>Private\Layer</Filter>
    </ClCompile>
    <ClCompile Include="src\Private\Log.cpp">
      <Filter>Private</Filter>
    </ClCompile>
    <ClCompile Include="src\Private\Platform\OpenGL\ImguiOpenGL.cpp">
      <Filter>Private\Platform\OpenGL</Filter>
    </ClCompile>
    <ClCompile Include="src\Private\Platform\Windows\WindowsWindow.cpp">
      <Filter>Private\Platform\Windows</Filter>
    </ClCompile>
  </ItemGroup>
</Project>