<?xml version="1.0" encoding="utf-8"?>
<Project ToolsVersion="4.0" xmlns="http://schemas.microsoft.com/developer/msbuild/2003">
  <ItemGroup>
    <Filter Include="Private">
      <UniqueIdentifier>{001F8D23-6CFE-0BBF-7516-9795E1747220}</UniqueIdentifier>
    </Filter>
    <Filter Include="Public">
      <UniqueIdentifier>{8480F8CA-7022-23A1-59DD-36F5451EAAF1}</UniqueIdentifier>
    </Filter>
    <Filter Include="Public\Events">
      <UniqueIdentifier>{E8EFCF4B-54B0-4B82-1DEB-94FF896A905E}</UniqueIdentifier>
    </Filter>
  </ItemGroup>
  <ItemGroup>
    <ClInclude Include="src\JEngine.h" />
    <ClInclude Include="src\Public\Application.h">
      <Filter>Public</Filter>
    </ClInclude>
    <ClInclude Include="src\Public\Core.h">
      <Filter>Public</Filter>
    </ClInclude>
    <ClInclude Include="src\Public\EntryPoint.h">
      <Filter>Public</Filter>
    </ClInclude>
    <ClInclude Include="src\Public\Events\ApplicationEvent.h">
      <Filter>Public\Events</Filter>
    </ClInclude>
    <ClInclude Include="src\Public\Events\Event.h">
      <Filter>Public\Events</Filter>
    </ClInclude>
    <ClInclude Include="src\Public\Events\KeyEvent.h">
      <Filter>Public\Events</Filter>
    </ClInclude>
    <ClInclude Include="src\Public\Events\MouseEvent.h">
      <Filter>Public\Events</Filter>
    </ClInclude>
    <ClInclude Include="src\Public\JE_PCH.h">
      <Filter>Public</Filter>
    </ClInclude>
    <ClInclude Include="src\Public\Log.h">
      <Filter>Public</Filter>
    </ClInclude>
  </ItemGroup>
  <ItemGroup>
    <ClCompile Include="src\Private\Application.cpp">
      <Filter>Private</Filter>
    </ClCompile>
    <ClCompile Include="src\Private\JE_PCH.cpp">
      <Filter>Private</Filter>
    </ClCompile>
    <ClCompile Include="src\Private\Log.cpp">
      <Filter>Private</Filter>
    </ClCompile>
  </ItemGroup>
</Project>